// !$*UTF8*$!
{
	archiveVersion = 1;
	classes = {
	};
	objectVersion = 51;
	objects = {

/* Begin PBXBuildFile section */
		2854A99223CCC2EB0033A287 /* AppDelegate.swift in Sources */ = {isa = PBXBuildFile; fileRef = 2854A99123CCC2EB0033A287 /* AppDelegate.swift */; };
		2854A99423CCC2EB0033A287 /* SceneDelegate.swift in Sources */ = {isa = PBXBuildFile; fileRef = 2854A99323CCC2EB0033A287 /* SceneDelegate.swift */; };
		2854A99623CCC2EB0033A287 /* ViewController.swift in Sources */ = {isa = PBXBuildFile; fileRef = 2854A99523CCC2EB0033A287 /* ViewController.swift */; };
		2854A99923CCC2EB0033A287 /* Main.storyboard in Resources */ = {isa = PBXBuildFile; fileRef = 2854A99723CCC2EB0033A287 /* Main.storyboard */; };
		2854A99B23CCC2EE0033A287 /* Assets.xcassets in Resources */ = {isa = PBXBuildFile; fileRef = 2854A99A23CCC2EE0033A287 /* Assets.xcassets */; };
		2854A99E23CCC2EE0033A287 /* LaunchScreen.storyboard in Resources */ = {isa = PBXBuildFile; fileRef = 2854A99C23CCC2EE0033A287 /* LaunchScreen.storyboard */; };
		2854A9A623CF79D90033A287 /* GoogleService-Info.plist in Resources */ = {isa = PBXBuildFile; fileRef = 2854A9A523CF79D90033A287 /* GoogleService-Info.plist */; };
		2854A9AA23CF80A30033A287 /* SWRevealViewController.m in Sources */ = {isa = PBXBuildFile; fileRef = 2854A9A923CF80A30033A287 /* SWRevealViewController.m */; };
		B7C2C74DF2BE6CC49E3B66F4 /* Pods_200113Firebase.framework in Frameworks */ = {isa = PBXBuildFile; fileRef = 65AC731E0A39869084874789 /* Pods_200113Firebase.framework */; };
/* End PBXBuildFile section */

/* Begin PBXFileReference section */
		2854A98E23CCC2EB0033A287 /* 200113Firebase.app */ = {isa = PBXFileReference; explicitFileType = wrapper.application; includeInIndex = 0; path = 200113Firebase.app; sourceTree = BUILT_PRODUCTS_DIR; };
		2854A99123CCC2EB0033A287 /* AppDelegate.swift */ = {isa = PBXFileReference; lastKnownFileType = sourcecode.swift; path = AppDelegate.swift; sourceTree = "<group>"; };
		2854A99323CCC2EB0033A287 /* SceneDelegate.swift */ = {isa = PBXFileReference; lastKnownFileType = sourcecode.swift; path = SceneDelegate.swift; sourceTree = "<group>"; };
		2854A99523CCC2EB0033A287 /* ViewController.swift */ = {isa = PBXFileReference; lastKnownFileType = sourcecode.swift; path = ViewController.swift; sourceTree = "<group>"; };
		2854A99823CCC2EB0033A287 /* Base */ = {isa = PBXFileReference; lastKnownFileType = file.storyboard; name = Base; path = Base.lproj/Main.storyboard; sourceTree = "<group>"; };
		2854A99A23CCC2EE0033A287 /* Assets.xcassets */ = {isa = PBXFileReference; lastKnownFileType = folder.assetcatalog; path = Assets.xcassets; sourceTree = "<group>"; };
		2854A99D23CCC2EE0033A287 /* Base */ = {isa = PBXFileReference; lastKnownFileType = file.storyboard; name = Base; path = Base.lproj/LaunchScreen.storyboard; sourceTree = "<group>"; };
		2854A99F23CCC2EE0033A287 /* Info.plist */ = {isa = PBXFileReference; lastKnownFileType = text.plist.xml; path = Info.plist; sourceTree = "<group>"; };
		2854A9A523CF79D90033A287 /* GoogleService-Info.plist */ = {isa = PBXFileReference; fileEncoding = 4; lastKnownFileType = text.plist.xml; name = "GoogleService-Info.plist"; path = "../../../Downloads/GoogleService-Info.plist"; sourceTree = "<group>"; };
		2854A9A723CF80A20033A287 /* 200113Firebase-Bridging-Header.h */ = {isa = PBXFileReference; lastKnownFileType = sourcecode.c.h; path = "200113Firebase-Bridging-Header.h"; sourceTree = "<group>"; };
		2854A9A923CF80A30033A287 /* SWRevealViewController.m */ = {isa = PBXFileReference; fileEncoding = 4; lastKnownFileType = sourcecode.c.objc; path = SWRevealViewController.m; sourceTree = "<group>"; };
		65AC731E0A39869084874789 /* Pods_200113Firebase.framework */ = {isa = PBXFileReference; explicitFileType = wrapper.framework; includeInIndex = 0; path = Pods_200113Firebase.framework; sourceTree = BUILT_PRODUCTS_DIR; };
		7440B2865D95F173A3263FEB /* Pods-200113Firebase.debug.xcconfig */ = {isa = PBXFileReference; includeInIndex = 1; lastKnownFileType = text.xcconfig; name = "Pods-200113Firebase.debug.xcconfig"; path = "Target Support Files/Pods-200113Firebase/Pods-200113Firebase.debug.xcconfig"; sourceTree = "<group>"; };
		757386A9C74280C1B4E9FCF8 /* Pods-200113Firebase.release.xcconfig */ = {isa = PBXFileReference; includeInIndex = 1; lastKnownFileType = text.xcconfig; name = "Pods-200113Firebase.release.xcconfig"; path = "Target Support Files/Pods-200113Firebase/Pods-200113Firebase.release.xcconfig"; sourceTree = "<group>"; };
/* End PBXFileReference section */

/* Begin PBXFrameworksBuildPhase section */
		2854A98B23CCC2EB0033A287 /* Frameworks */ = {
			isa = PBXFrameworksBuildPhase;
			buildActionMask = 2147483647;
			files = (
				B7C2C74DF2BE6CC49E3B66F4 /* Pods_200113Firebase.framework in Frameworks */,
			);
			runOnlyForDeploymentPostprocessing = 0;
		};
/* End PBXFrameworksBuildPhase section */

/* Begin PBXGroup section */
		2854A98523CCC2EB0033A287 = {
			isa = PBXGroup;
			children = (
				2854A99023CCC2EB0033A287 /* 200113Firebase */,
				2854A98F23CCC2EB0033A287 /* Products */,
				C43D7E479C2ED0004EC97CEA /* Pods */,
				7B96A9DA5598789EAC16E6DE /* Frameworks */,
			);
			sourceTree = "<group>";
		};
		2854A98F23CCC2EB0033A287 /* Products */ = {
			isa = PBXGroup;
			children = (
				2854A98E23CCC2EB0033A287 /* 200113Firebase.app */,
			);
			name = Products;
			sourceTree = "<group>";
		};
		2854A99023CCC2EB0033A287 /* 200113Firebase */ = {
			isa = PBXGroup;
			children = (
				2854A99123CCC2EB0033A287 /* AppDelegate.swift */,
				2854A99323CCC2EB0033A287 /* SceneDelegate.swift */,
				2854A99523CCC2EB0033A287 /* ViewController.swift */,
				2854A99723CCC2EB0033A287 /* Main.storyboard */,
				2854A99A23CCC2EE0033A287 /* Assets.xcassets */,
				2854A9A923CF80A30033A287 /* SWRevealViewController.m */,
				2854A99C23CCC2EE0033A287 /* LaunchScreen.storyboard */,
				2854A99F23CCC2EE0033A287 /* Info.plist */,
				2854A9A523CF79D90033A287 /* GoogleService-Info.plist */,
				2854A9A723CF80A20033A287 /* 200113Firebase-Bridging-Header.h */,
			);
			path = 200113Firebase;
			sourceTree = "<group>";
		};
		7B96A9DA5598789EAC16E6DE /* Frameworks */ = {
			isa = PBXGroup;
			children = (
				65AC731E0A39869084874789 /* Pods_200113Firebase.framework */,
			);
			name = Frameworks;
			sourceTree = "<group>";
		};
		C43D7E479C2ED0004EC97CEA /* Pods */ = {
			isa = PBXGroup;
			children = (
				7440B2865D95F173A3263FEB /* Pods-200113Firebase.debug.xcconfig */,
				757386A9C74280C1B4E9FCF8 /* Pods-200113Firebase.release.xcconfig */,
			);
			path = Pods;
			sourceTree = "<group>";
		};
/* End PBXGroup section */

/* Begin PBXNativeTarget section */
		2854A98D23CCC2EB0033A287 /* 200113Firebase */ = {
			isa = PBXNativeTarget;
			buildConfigurationList = 2854A9A223CCC2EE0033A287 /* Build configuration list for PBXNativeTarget "200113Firebase" */;
			buildPhases = (
				E78634EE9769E8917BF3CEAF /* [CP] Check Pods Manifest.lock */,
				2854A98A23CCC2EB0033A287 /* Sources */,
				2854A98B23CCC2EB0033A287 /* Frameworks */,
				2854A98C23CCC2EB0033A287 /* Resources */,
				3AD423C5558FEC45D1192AB6 /* [CP] Embed Pods Frameworks */,
			);
			buildRules = (
			);
			dependencies = (
			);
			name = 200113Firebase;
			productName = 200113Firebase;
			productReference = 2854A98E23CCC2EB0033A287 /* 200113Firebase.app */;
			productType = "com.apple.product-type.application";
		};
/* End PBXNativeTarget section */

/* Begin PBXProject section */
		2854A98623CCC2EB0033A287 /* Project object */ = {
			isa = PBXProject;
			attributes = {
				LastSwiftUpdateCheck = 1120;
				LastUpgradeCheck = 1120;
				ORGANIZATIONNAME = "Juan Alvarez";
				TargetAttributes = {
					2854A98D23CCC2EB0033A287 = {
						CreatedOnToolsVersion = 11.2.1;
						LastSwiftMigration = 1120;
					};
				};
			};
			buildConfigurationList = 2854A98923CCC2EB0033A287 /* Build configuration list for PBXProject "200113Firebase" */;
			compatibilityVersion = "Xcode 9.3";
			developmentRegion = en;
			hasScannedForEncodings = 0;
			knownRegions = (
				en,
				Base,
			);
			mainGroup = 2854A98523CCC2EB0033A287;
			productRefGroup = 2854A98F23CCC2EB0033A287 /* Products */;
			projectDirPath = "";
			projectRoot = "";
			targets = (
				2854A98D23CCC2EB0033A287 /* 200113Firebase */,
			);
		};
/* End PBXProject section */

/* Begin PBXResourcesBuildPhase section */
		2854A98C23CCC2EB0033A287 /* Resources */ = {
			isa = PBXResourcesBuildPhase;
			buildActionMask = 2147483647;
			files = (
				2854A99E23CCC2EE0033A287 /* LaunchScreen.storyboard in Resources */,
				2854A9A623CF79D90033A287 /* GoogleService-Info.plist in Resources */,
				2854A99B23CCC2EE0033A287 /* Assets.xcassets in Resources */,
				2854A99923CCC2EB0033A287 /* Main.storyboard in Resources */,
			);
			runOnlyForDeploymentPostprocessing = 0;
		};
/* End PBXResourcesBuildPhase section */

/* Begin PBXShellScriptBuildPhase section */
		3AD423C5558FEC45D1192AB6 /* [CP] Embed Pods Frameworks */ = {
			isa = PBXShellScriptBuildPhase;
			buildActionMask = 2147483647;
			files = (
			);
			inputFileListPaths = (
				"${PODS_ROOT}/Target Support Files/Pods-200113Firebase/Pods-200113Firebase-frameworks-${CONFIGURATION}-input-files.xcfilelist",
			);
			name = "[CP] Embed Pods Frameworks";
			outputFileListPaths = (
				"${PODS_ROOT}/Target Support Files/Pods-200113Firebase/Pods-200113Firebase-frameworks-${CONFIGURATION}-output-files.xcfilelist",
			);
			runOnlyForDeploymentPostprocessing = 0;
			shellPath = /bin/sh;
			shellScript = "\"${PODS_ROOT}/Target Support Files/Pods-200113Firebase/Pods-200113Firebase-frameworks.sh\"\n";
			showEnvVarsInLog = 0;
		};
		E78634EE9769E8917BF3CEAF /* [CP] Check Pods Manifest.lock */ = {
			isa = PBXShellScriptBuildPhase;
			buildActionMask = 2147483647;
			files = (
			);
			inputFileListPaths = (
			);
			inputPaths = (
				"${PODS_PODFILE_DIR_PATH}/Podfile.lock",
				"${PODS_ROOT}/Manifest.lock",
			);
			name = "[CP] Check Pods Manifest.lock";
			outputFileListPaths = (
			);
			outputPaths = (
				"$(DERIVED_FILE_DIR)/Pods-200113Firebase-checkManifestLockResult.txt",
			);
			runOnlyForDeploymentPostprocessing = 0;
			shellPath = /bin/sh;
			shellScript = "diff \"${PODS_PODFILE_DIR_PATH}/Podfile.lock\" \"${PODS_ROOT}/Manifest.lock\" > /dev/null\nif [ $? != 0 ] ; then\n    # print error to STDERR\n    echo \"error: The sandbox is not in sync with the Podfile.lock. Run 'pod install' or update your CocoaPods installation.\" >&2\n    exit 1\nfi\n# This output is used by Xcode 'outputs' to avoid re-running this script phase.\necho \"SUCCESS\" > \"${SCRIPT_OUTPUT_FILE_0}\"\n";
			showEnvVarsInLog = 0;
		};
/* End PBXShellScriptBuildPhase section */

/* Begin PBXSourcesBuildPhase section */
		2854A98A23CCC2EB0033A287 /* Sources */ = {
			isa = PBXSourcesBuildPhase;
			buildActionMask = 2147483647;
			files = (
				2854A99623CCC2EB0033A287 /* ViewController.swift in Sources */,
				2854A99223CCC2EB0033A287 /* AppDelegate.swift in Sources */,
				2854A99423CCC2EB0033A287 /* SceneDelegate.swift in Sources */,
				2854A9AA23CF80A30033A287 /* SWRevealViewController.m in Sources */,
			);
			runOnlyForDeploymentPostprocessing = 0;
		};
/* End PBXSourcesBuildPhase section */

/* Begin PBXVariantGroup section */
		2854A99723CCC2EB0033A287 /* Main.storyboard */ = {
			isa = PBXVariantGroup;
			children = (
				2854A99823CCC2EB0033A287 /* Base */,
			);
			name = Main.storyboard;
			sourceTree = "<group>";
		};
		2854A99C23CCC2EE0033A287 /* LaunchScreen.storyboard */ = {
			isa = PBXVariantGroup;
			children = (
				2854A99D23CCC2EE0033A287 /* Base */,
			);
			name = LaunchScreen.storyboard;
			sourceTree = "<group>";
		};
/* End PBXVariantGroup section */

/* Begin XCBuildConfiguration section */
		2854A9A023CCC2EE0033A287 /* Debug */ = {
			isa = XCBuildConfiguration;
			buildSettings = {
				ALWAYS_SEARCH_USER_PATHS = NO;
				CLANG_ANALYZER_NONNULL = YES;
				CLANG_ANALYZER_NUMBER_OBJECT_CONVERSION = YES_AGGRESSIVE;
				CLANG_CXX_LANGUAGE_STANDARD = "gnu++14";
				CLANG_CXX_LIBRARY = "libc++";
				CLANG_ENABLE_MODULES = YES;
				CLANG_ENABLE_OBJC_ARC = YES;
				CLANG_ENABLE_OBJC_WEAK = YES;
				CLANG_WARN_BLOCK_CAPTURE_AUTORELEASING = YES;
				CLANG_WARN_BOOL_CONVERSION = YES;
				CLANG_WARN_COMMA = YES;
				CLANG_WARN_CONSTANT_CONVERSION = YES;
				CLANG_WARN_DEPRECATED_OBJC_IMPLEMENTATIONS = YES;
				CLANG_WARN_DIRECT_OBJC_ISA_USAGE = YES_ERROR;
				CLANG_WARN_DOCUMENTATION_COMMENTS = YES;
				CLANG_WARN_EMPTY_BODY = YES;
				CLANG_WARN_ENUM_CONVERSION = YES;
				CLANG_WARN_INFINITE_RECURSION = YES;
				CLANG_WARN_INT_CONVERSION = YES;
				CLANG_WARN_NON_LITERAL_NULL_CONVERSION = YES;
				CLANG_WARN_OBJC_IMPLICIT_RETAIN_SELF = YES;
				CLANG_WARN_OBJC_LITERAL_CONVERSION = YES;
				CLANG_WARN_OBJC_ROOT_CLASS = YES_ERROR;
				CLANG_WARN_RANGE_LOOP_ANALYSIS = YES;
				CLANG_WARN_STRICT_PROTOTYPES = YES;
				CLANG_WARN_SUSPICIOUS_MOVE = YES;
				CLANG_WARN_UNGUARDED_AVAILABILITY = YES_AGGRESSIVE;
				CLANG_WARN_UNREACHABLE_CODE = YES;
				CLANG_WARN__DUPLICATE_METHOD_MATCH = YES;
				COPY_PHASE_STRIP = NO;
				DEBUG_INFORMATION_FORMAT = dwarf;
				ENABLE_STRICT_OBJC_MSGSEND = YES;
				ENABLE_TESTABILITY = YES;
				GCC_C_LANGUAGE_STANDARD = gnu11;
				GCC_DYNAMIC_NO_PIC = NO;
				GCC_NO_COMMON_BLOCKS = YES;
				GCC_OPTIMIZATION_LEVEL = 0;
				GCC_PREPROCESSOR_DEFINITIONS = (
					"DEBUG=1",
					"$(inherited)",
				);
				GCC_WARN_64_TO_32_BIT_CONVERSION = YES;
				GCC_WARN_ABOUT_RETURN_TYPE = YES_ERROR;
				GCC_WARN_UNDECLARED_SELECTOR = YES;
				GCC_WARN_UNINITIALIZED_AUTOS = YES_AGGRESSIVE;
				GCC_WARN_UNUSED_FUNCTION = YES;
				GCC_WARN_UNUSED_VARIABLE = YES;
				IPHONEOS_DEPLOYMENT_TARGET = 13.2;
				MTL_ENABLE_DEBUG_INFO = INCLUDE_SOURCE;
				MTL_FAST_MATH = YES;
				ONLY_ACTIVE_ARCH = YES;
				SDKROOT = iphoneos;
				SWIFT_ACTIVE_COMPILATION_CONDITIONS = DEBUG;
				SWIFT_OPTIMIZATION_LEVEL = "-Onone";
			};
			name = Debug;
		};
		2854A9A123CCC2EE0033A287 /* Release */ = {
			isa = XCBuildConfiguration;
			buildSettings = {
				ALWAYS_SEARCH_USER_PATHS = NO;
				CLANG_ANALYZER_NONNULL = YES;
				CLANG_ANALYZER_NUMBER_OBJECT_CONVERSION = YES_AGGRESSIVE;
				CLANG_CXX_LANGUAGE_STANDARD = "gnu++14";
				CLANG_CXX_LIBRARY = "libc++";
				CLANG_ENABLE_MODULES = YES;
				CLANG_ENABLE_OBJC_ARC = YES;
				CLANG_ENABLE_OBJC_WEAK = YES;
				CLANG_WARN_BLOCK_CAPTURE_AUTORELEASING = YES;
				CLANG_WARN_BOOL_CONVERSION = YES;
				CLANG_WARN_COMMA = YES;
				CLANG_WARN_CONSTANT_CONVERSION = YES;
				CLANG_WARN_DEPRECATED_OBJC_IMPLEMENTATIONS = YES;
				CLANG_WARN_DIRECT_OBJC_ISA_USAGE = YES_ERROR;
				CLANG_WARN_DOCUMENTATION_COMMENTS = YES;
				CLANG_WARN_EMPTY_BODY = YES;
				CLANG_WARN_ENUM_CONVERSION = YES;
				CLANG_WARN_INFINITE_RECURSION = YES;
				CLANG_WARN_INT_CONVERSION = YES;
				CLANG_WARN_NON_LITERAL_NULL_CONVERSION = YES;
				CLANG_WARN_OBJC_IMPLICIT_RETAIN_SELF = YES;
				CLANG_WARN_OBJC_LITERAL_CONVERSION = YES;
				CLANG_WARN_OBJC_ROOT_CLASS = YES_ERROR;
				CLANG_WARN_RANGE_LOOP_ANALYSIS = YES;
				CLANG_WARN_STRICT_PROTOTYPES = YES;
				CLANG_WARN_SUSPICIOUS_MOVE = YES;
				CLANG_WARN_UNGUARDED_AVAILABILITY = YES_AGGRESSIVE;
				CLANG_WARN_UNREACHABLE_CODE = YES;
				CLANG_WARN__DUPLICATE_METHOD_MATCH = YES;
				COPY_PHASE_STRIP = NO;
				DEBUG_INFORMATION_FORMAT = "dwarf-with-dsym";
				ENABLE_NS_ASSERTIONS = NO;
				ENABLE_STRICT_OBJC_MSGSEND = YES;
				GCC_C_LANGUAGE_STANDARD = gnu11;
				GCC_NO_COMMON_BLOCKS = YES;
				GCC_WARN_64_TO_32_BIT_CONVERSION = YES;
				GCC_WARN_ABOUT_RETURN_TYPE = YES_ERROR;
				GCC_WARN_UNDECLARED_SELECTOR = YES;
				GCC_WARN_UNINITIALIZED_AUTOS = YES_AGGRESSIVE;
				GCC_WARN_UNUSED_FUNCTION = YES;
				GCC_WARN_UNUSED_VARIABLE = YES;
				IPHONEOS_DEPLOYMENT_TARGET = 13.2;
				MTL_ENABLE_DEBUG_INFO = NO;
				MTL_FAST_MATH = YES;
				SDKROOT = iphoneos;
				SWIFT_COMPILATION_MODE = wholemodule;
				SWIFT_OPTIMIZATION_LEVEL = "-O";
				VALIDATE_PRODUCT = YES;
			};
			name = Release;
		};
		2854A9A323CCC2EE0033A287 /* Debug */ = {
			isa = XCBuildConfiguration;
			baseConfigurationReference = 7440B2865D95F173A3263FEB /* Pods-200113Firebase.debug.xcconfig */;
			buildSettings = {
				ASSETCATALOG_COMPILER_APPICON_NAME = AppIcon;
				CLANG_ENABLE_MODULES = YES;
				CODE_SIGN_IDENTITY = "Apple Development";
				CODE_SIGN_STYLE = Automatic;
				DEVELOPMENT_TEAM = 7DTLRHN6WR;
				INFOPLIST_FILE = 200113Firebase/Info.plist;
				LD_RUNPATH_SEARCH_PATHS = (
					"$(inherited)",
					"@executable_path/Frameworks",
				);
				PRODUCT_BUNDLE_IDENTIFIER = "j.-00113Firebase2";
				PRODUCT_NAME = 200113Firebase;
				PROVISIONING_PROFILE_SPECIFIER = "";
				SWIFT_OBJC_BRIDGING_HEADER = "200113Firebase/200113Firebase-Bridging-Header.h";
				SWIFT_OPTIMIZATION_LEVEL = "-Onone";
				SWIFT_VERSION = 5.0;
				TARGETED_DEVICE_FAMILY = "1,2";
			};
			name = Debug;
		};
		2854A9A423CCC2EE0033A287 /* Release */ = {
			isa = XCBuildConfiguration;
			baseConfigurationReference = 757386A9C74280C1B4E9FCF8 /* Pods-200113Firebase.release.xcconfig */;
			buildSettings = {
				ASSETCATALOG_COMPILER_APPICON_NAME = AppIcon;
				CLANG_ENABLE_MODULES = YES;
				CODE_SIGN_IDENTITY = "Apple Development";
				CODE_SIGN_STYLE = Automatic;
				DEVELOPMENT_TEAM = 7DTLRHN6WR;
				INFOPLIST_FILE = 200113Firebase/Info.plist;
				LD_RUNPATH_SEARCH_PATHS = (
					"$(inherited)",
					"@executable_path/Frameworks",
				);
				PRODUCT_BUNDLE_IDENTIFIER = "j.-00113Firebase2";
				PRODUCT_NAME = 200113Firebase;
				PROVISIONING_PROFILE_SPECIFIER = "";
				SWIFT_OBJC_BRIDGING_HEADER = "200113Firebase/200113Firebase-Bridging-Header.h";
				SWIFT_VERSION = 5.0;
				TARGETED_DEVICE_FAMILY = "1,2";
			};
			name = Release;
		};
/* End XCBuildConfiguration section */

/* Begin XCConfigurationList section */
		2854A98923CCC2EB0033A287 /* Build configuration list for PBXProject "200113Firebase" */ = {
			isa = XCConfigurationList;
			buildConfigurations = (
				2854A9A023CCC2EE0033A287 /* Debug */,
				2854A9A123CCC2EE0033A287 /* Release */,
			);
			defaultConfigurationIsVisible = 0;
			defaultConfigurationName = Release;
		};
		2854A9A223CCC2EE0033A287 /* Build configuration list for PBXNativeTarget "200113Firebase" */ = {
			isa = XCConfigurationList;
			buildConfigurations = (
				2854A9A323CCC2EE0033A287 /* Debug */,
				2854A9A423CCC2EE0033A287 /* Release */,
			);
			defaultConfigurationIsVisible = 0;
			defaultConfigurationName = Release;
		};
/* End XCConfigurationList section */
	};
	rootObject = 2854A98623CCC2EB0033A287 /* Project object */;
}
